// !$*UTF8*$!
{
	archiveVersion = 1;
	classes = {
	};
	objectVersion = 46;
	objects = {

/* Begin PBXBuildFile section */
		C308E67B96A46710AB537627 /* Pods_LibGroupMe_iOS.framework in Frameworks */ = {isa = PBXBuildFile; fileRef = 2437437D21D310D30BFE9467 /* Pods_LibGroupMe_iOS.framework */; settings = {ATTRIBUTES = (Weak, ); }; };
		D992DE6EBD174C81CD6D9059 /* Pods_LibGroupMeTests.framework in Frameworks */ = {isa = PBXBuildFile; fileRef = C3FB2D1D2774242175B3B944 /* Pods_LibGroupMeTests.framework */; settings = {ATTRIBUTES = (Weak, ); }; };
		DF140AEBFA652E0301E37BD1 /* Pods_LibGroupMe.framework in Frameworks */ = {isa = PBXBuildFile; fileRef = B4F44BADF49B82F24EAA0883 /* Pods_LibGroupMe.framework */; settings = {ATTRIBUTES = (Weak, ); }; };
		FC198F791B58054E008BF50D /* LibGroupMe-swift.h in Headers */ = {isa = PBXBuildFile; fileRef = FC198F781B58054E008BF50D /* LibGroupMe-swift.h */; };
		FC198F7A1B58054E008BF50D /* LibGroupMe-swift.h in Headers */ = {isa = PBXBuildFile; fileRef = FC198F781B58054E008BF50D /* LibGroupMe-swift.h */; };
		FC2CABBC1B322EA0008CBC4A /* LibGroupMe.swift in Sources */ = {isa = PBXBuildFile; fileRef = FC2CABBB1B322EA0008CBC4A /* LibGroupMe.swift */; };
		FC2CABBD1B322EA0008CBC4A /* LibGroupMe.swift in Sources */ = {isa = PBXBuildFile; fileRef = FC2CABBB1B322EA0008CBC4A /* LibGroupMe.swift */; };
		FC386CBA1B306880002673B3 /* powerups.json in Resources */ = {isa = PBXBuildFile; fileRef = FC386CB91B306880002673B3 /* powerups.json */; };
		FC386CE61B306D61002673B3 /* LibGroupMe_iOS.h in Headers */ = {isa = PBXBuildFile; fileRef = FC386CE51B306D61002673B3 /* LibGroupMe_iOS.h */; settings = {ATTRIBUTES = (Public, ); }; };
		FC386CFA1B306D67002673B3 /* Powerup.swift in Sources */ = {isa = PBXBuildFile; fileRef = FC62425E1B306692008D2CA7 /* Powerup.swift */; };
		FC386CFB1B306D67002673B3 /* APIClient.swift in Sources */ = {isa = PBXBuildFile; fileRef = FC62425F1B306692008D2CA7 /* APIClient.swift */; };
		FC387CFE1B3CF188002972DB /* User.swift in Sources */ = {isa = PBXBuildFile; fileRef = FC387CFD1B3CF188002972DB /* User.swift */; };
		FC387CFF1B3CF188002972DB /* User.swift in Sources */ = {isa = PBXBuildFile; fileRef = FC387CFD1B3CF188002972DB /* User.swift */; };
		FC387D021B3CF19D002972DB /* UserTest.swift in Sources */ = {isa = PBXBuildFile; fileRef = FC387D011B3CF19D002972DB /* UserTest.swift */; };
		FC387D041B3CF1D1002972DB /* dms-index.json in Resources */ = {isa = PBXBuildFile; fileRef = FC387D031B3CF1D1002972DB /* dms-index.json */; };
		FC591B7C1B30B6E300DFB449 /* GroupTest.swift in Sources */ = {isa = PBXBuildFile; fileRef = FC591B7B1B30B6E300DFB449 /* GroupTest.swift */; };
		FC591B7E1B30B8CB00DFB449 /* groups-index.json in Resources */ = {isa = PBXBuildFile; fileRef = FC591B7D1B30B8CB00DFB449 /* groups-index.json */; };
		FC591B801B30BCF200DFB449 /* Storage.swift in Sources */ = {isa = PBXBuildFile; fileRef = FC591B7F1B30BCF200DFB449 /* Storage.swift */; };
		FC591B811B30CD1300DFB449 /* Storage.swift in Sources */ = {isa = PBXBuildFile; fileRef = FC591B7F1B30BCF200DFB449 /* Storage.swift */; };
		FC6242601B306692008D2CA7 /* Powerup.swift in Sources */ = {isa = PBXBuildFile; fileRef = FC62425E1B306692008D2CA7 /* Powerup.swift */; };
		FC6242611B306692008D2CA7 /* APIClient.swift in Sources */ = {isa = PBXBuildFile; fileRef = FC62425F1B306692008D2CA7 /* APIClient.swift */; };
		FC6242661B3066ED008D2CA7 /* PowerupTest.swift in Sources */ = {isa = PBXBuildFile; fileRef = FC6242641B3066ED008D2CA7 /* PowerupTest.swift */; };
		FC6242671B3066ED008D2CA7 /* APIClientTest.swift in Sources */ = {isa = PBXBuildFile; fileRef = FC6242651B3066ED008D2CA7 /* APIClientTest.swift */; };
		FCA81AB01B3064B70005B6D7 /* LibGroupMe.h in Headers */ = {isa = PBXBuildFile; fileRef = FCA81AAF1B3064B70005B6D7 /* LibGroupMe.h */; settings = {ATTRIBUTES = (Public, ); }; };
		FCA81AB61B3064B70005B6D7 /* LibGroupMe.framework in Frameworks */ = {isa = PBXBuildFile; fileRef = FCA81AAA1B3064B70005B6D7 /* LibGroupMe.framework */; };
		FCADB39F1B30A8B300293947 /* Group.swift in Sources */ = {isa = PBXBuildFile; fileRef = FCADB39E1B30A8B300293947 /* Group.swift */; };
		FCADB3A01B30A8B300293947 /* Group.swift in Sources */ = {isa = PBXBuildFile; fileRef = FCADB39E1B30A8B300293947 /* Group.swift */; };
		FCB984A01B30D9D200AB6D15 /* StorageTest.swift in Sources */ = {isa = PBXBuildFile; fileRef = FCB9849F1B30D9D200AB6D15 /* StorageTest.swift */; };
		FCB984A21B31C3F400AB6D15 /* SwiftCoding.swift in Sources */ = {isa = PBXBuildFile; fileRef = FCB984A11B31C3F400AB6D15 /* SwiftCoding.swift */; };
		FCB984A31B31C3F400AB6D15 /* SwiftCoding.swift in Sources */ = {isa = PBXBuildFile; fileRef = FCB984A11B31C3F400AB6D15 /* SwiftCoding.swift */; };
/* End PBXBuildFile section */

/* Begin PBXContainerItemProxy section */
		FCA81AB71B3064B70005B6D7 /* PBXContainerItemProxy */ = {
			isa = PBXContainerItemProxy;
			containerPortal = FCA81AA11B3064B70005B6D7 /* Project object */;
			proxyType = 1;
			remoteGlobalIDString = FCA81AA91B3064B70005B6D7;
			remoteInfo = LibGroupMe;
		};
/* End PBXContainerItemProxy section */

/* Begin PBXFileReference section */
		1A495F6601E26A1FC52C70C4 /* Pods-LibGroupMeTests.release.xcconfig */ = {isa = PBXFileReference; includeInIndex = 1; lastKnownFileType = text.xcconfig; name = "Pods-LibGroupMeTests.release.xcconfig"; path = "Pods/Target Support Files/Pods-LibGroupMeTests/Pods-LibGroupMeTests.release.xcconfig"; sourceTree = "<group>"; };
		21E56790B2449319420437F9 /* Pods-LibGroupMeTests.debug.xcconfig */ = {isa = PBXFileReference; includeInIndex = 1; lastKnownFileType = text.xcconfig; name = "Pods-LibGroupMeTests.debug.xcconfig"; path = "Pods/Target Support Files/Pods-LibGroupMeTests/Pods-LibGroupMeTests.debug.xcconfig"; sourceTree = "<group>"; };
		2437437D21D310D30BFE9467 /* Pods_LibGroupMe_iOS.framework */ = {isa = PBXFileReference; explicitFileType = wrapper.framework; includeInIndex = 0; path = Pods_LibGroupMe_iOS.framework; sourceTree = BUILT_PRODUCTS_DIR; };
		39636410B963A48CDD5F80A1 /* Pods-LibGroupMe_iOS.release.xcconfig */ = {isa = PBXFileReference; includeInIndex = 1; lastKnownFileType = text.xcconfig; name = "Pods-LibGroupMe_iOS.release.xcconfig"; path = "Pods/Target Support Files/Pods-LibGroupMe_iOS/Pods-LibGroupMe_iOS.release.xcconfig"; sourceTree = "<group>"; };
		73BED4D30B051642E6BCE975 /* Pods-LibGroupMe.debug.xcconfig */ = {isa = PBXFileReference; includeInIndex = 1; lastKnownFileType = text.xcconfig; name = "Pods-LibGroupMe.debug.xcconfig"; path = "Pods/Target Support Files/Pods-LibGroupMe/Pods-LibGroupMe.debug.xcconfig"; sourceTree = "<group>"; };
		83ED0AD0E001E803437EDB16 /* Pods-LibGroupMe_iOS.debug.xcconfig */ = {isa = PBXFileReference; includeInIndex = 1; lastKnownFileType = text.xcconfig; name = "Pods-LibGroupMe_iOS.debug.xcconfig"; path = "Pods/Target Support Files/Pods-LibGroupMe_iOS/Pods-LibGroupMe_iOS.debug.xcconfig"; sourceTree = "<group>"; };
		B4F44BADF49B82F24EAA0883 /* Pods_LibGroupMe.framework */ = {isa = PBXFileReference; explicitFileType = wrapper.framework; includeInIndex = 0; path = Pods_LibGroupMe.framework; sourceTree = BUILT_PRODUCTS_DIR; };
		C3FB2D1D2774242175B3B944 /* Pods_LibGroupMeTests.framework */ = {isa = PBXFileReference; explicitFileType = wrapper.framework; includeInIndex = 0; path = Pods_LibGroupMeTests.framework; sourceTree = BUILT_PRODUCTS_DIR; };
		E49CCE9AD88757B0387918A2 /* Pods-LibGroupMe.release.xcconfig */ = {isa = PBXFileReference; includeInIndex = 1; lastKnownFileType = text.xcconfig; name = "Pods-LibGroupMe.release.xcconfig"; path = "Pods/Target Support Files/Pods-LibGroupMe/Pods-LibGroupMe.release.xcconfig"; sourceTree = "<group>"; };
		FC198F781B58054E008BF50D /* LibGroupMe-swift.h */ = {isa = PBXFileReference; fileEncoding = 4; lastKnownFileType = sourcecode.c.h; path = "LibGroupMe-swift.h"; sourceTree = "<group>"; };
		FC2CABBB1B322EA0008CBC4A /* LibGroupMe.swift */ = {isa = PBXFileReference; fileEncoding = 4; lastKnownFileType = sourcecode.swift; path = LibGroupMe.swift; sourceTree = "<group>"; };
		FC386CB91B306880002673B3 /* powerups.json */ = {isa = PBXFileReference; fileEncoding = 4; lastKnownFileType = text.json; name = powerups.json; path = "test-data/powerups.json"; sourceTree = "<group>"; };
		FC386CE11B306D61002673B3 /* LibGroupMe_iOS.framework */ = {isa = PBXFileReference; explicitFileType = wrapper.framework; includeInIndex = 0; path = LibGroupMe_iOS.framework; sourceTree = BUILT_PRODUCTS_DIR; };
		FC386CE41B306D61002673B3 /* Info.plist */ = {isa = PBXFileReference; lastKnownFileType = text.plist.xml; path = Info.plist; sourceTree = "<group>"; };
		FC386CE51B306D61002673B3 /* LibGroupMe_iOS.h */ = {isa = PBXFileReference; lastKnownFileType = sourcecode.c.h; path = LibGroupMe_iOS.h; sourceTree = "<group>"; };
		FC387CFD1B3CF188002972DB /* User.swift */ = {isa = PBXFileReference; fileEncoding = 4; lastKnownFileType = sourcecode.swift; path = User.swift; sourceTree = "<group>"; };
		FC387D011B3CF19D002972DB /* UserTest.swift */ = {isa = PBXFileReference; fileEncoding = 4; lastKnownFileType = sourcecode.swift; path = UserTest.swift; sourceTree = "<group>"; };
		FC387D031B3CF1D1002972DB /* dms-index.json */ = {isa = PBXFileReference; fileEncoding = 4; lastKnownFileType = text.json; name = "dms-index.json"; path = "test-data/dms-index.json"; sourceTree = "<group>"; };
		FC591B7B1B30B6E300DFB449 /* GroupTest.swift */ = {isa = PBXFileReference; fileEncoding = 4; lastKnownFileType = sourcecode.swift; path = GroupTest.swift; sourceTree = "<group>"; };
		FC591B7D1B30B8CB00DFB449 /* groups-index.json */ = {isa = PBXFileReference; fileEncoding = 4; lastKnownFileType = text.json; name = "groups-index.json"; path = "test-data/groups-index.json"; sourceTree = "<group>"; };
		FC591B7F1B30BCF200DFB449 /* Storage.swift */ = {isa = PBXFileReference; fileEncoding = 4; lastKnownFileType = sourcecode.swift; path = Storage.swift; sourceTree = "<group>"; };
		FC62425E1B306692008D2CA7 /* Powerup.swift */ = {isa = PBXFileReference; fileEncoding = 4; lastKnownFileType = sourcecode.swift; path = Powerup.swift; sourceTree = "<group>"; };
		FC62425F1B306692008D2CA7 /* APIClient.swift */ = {isa = PBXFileReference; fileEncoding = 4; lastKnownFileType = sourcecode.swift; path = APIClient.swift; sourceTree = "<group>"; };
		FC6242641B3066ED008D2CA7 /* PowerupTest.swift */ = {isa = PBXFileReference; fileEncoding = 4; lastKnownFileType = sourcecode.swift; path = PowerupTest.swift; sourceTree = "<group>"; };
		FC6242651B3066ED008D2CA7 /* APIClientTest.swift */ = {isa = PBXFileReference; fileEncoding = 4; lastKnownFileType = sourcecode.swift; path = APIClientTest.swift; sourceTree = "<group>"; };
		FCA81AAA1B3064B70005B6D7 /* LibGroupMe.framework */ = {isa = PBXFileReference; explicitFileType = wrapper.framework; includeInIndex = 0; path = LibGroupMe.framework; sourceTree = BUILT_PRODUCTS_DIR; };
		FCA81AAE1B3064B70005B6D7 /* Info.plist */ = {isa = PBXFileReference; lastKnownFileType = text.plist.xml; path = Info.plist; sourceTree = "<group>"; };
		FCA81AAF1B3064B70005B6D7 /* LibGroupMe.h */ = {isa = PBXFileReference; lastKnownFileType = sourcecode.c.h; path = LibGroupMe.h; sourceTree = "<group>"; };
		FCA81AB51B3064B70005B6D7 /* LibGroupMeTests.xctest */ = {isa = PBXFileReference; explicitFileType = wrapper.cfbundle; includeInIndex = 0; path = LibGroupMeTests.xctest; sourceTree = BUILT_PRODUCTS_DIR; };
		FCA81ABB1B3064B70005B6D7 /* Info.plist */ = {isa = PBXFileReference; lastKnownFileType = text.plist.xml; path = Info.plist; sourceTree = "<group>"; };
		FCADB39E1B30A8B300293947 /* Group.swift */ = {isa = PBXFileReference; fileEncoding = 4; lastKnownFileType = sourcecode.swift; path = Group.swift; sourceTree = "<group>"; };
		FCB9849F1B30D9D200AB6D15 /* StorageTest.swift */ = {isa = PBXFileReference; fileEncoding = 4; lastKnownFileType = sourcecode.swift; path = StorageTest.swift; sourceTree = "<group>"; };
		FCB984A11B31C3F400AB6D15 /* SwiftCoding.swift */ = {isa = PBXFileReference; fileEncoding = 4; lastKnownFileType = sourcecode.swift; path = SwiftCoding.swift; sourceTree = "<group>"; };
/* End PBXFileReference section */

/* Begin PBXFrameworksBuildPhase section */
		FC386CDD1B306D61002673B3 /* Frameworks */ = {
			isa = PBXFrameworksBuildPhase;
			buildActionMask = 2147483647;
			files = (
				C308E67B96A46710AB537627 /* Pods_LibGroupMe_iOS.framework in Frameworks */,
			);
			runOnlyForDeploymentPostprocessing = 0;
		};
		FCA81AA61B3064B70005B6D7 /* Frameworks */ = {
			isa = PBXFrameworksBuildPhase;
			buildActionMask = 2147483647;
			files = (
				DF140AEBFA652E0301E37BD1 /* Pods_LibGroupMe.framework in Frameworks */,
			);
			runOnlyForDeploymentPostprocessing = 0;
		};
		FCA81AB21B3064B70005B6D7 /* Frameworks */ = {
			isa = PBXFrameworksBuildPhase;
			buildActionMask = 2147483647;
			files = (
				FCA81AB61B3064B70005B6D7 /* LibGroupMe.framework in Frameworks */,
				D992DE6EBD174C81CD6D9059 /* Pods_LibGroupMeTests.framework in Frameworks */,
			);
			runOnlyForDeploymentPostprocessing = 0;
		};
/* End PBXFrameworksBuildPhase section */

/* Begin PBXGroup section */
		36F3D44D684E38DD65831FC6 /* Frameworks */ = {
			isa = PBXGroup;
			children = (
				B4F44BADF49B82F24EAA0883 /* Pods_LibGroupMe.framework */,
				C3FB2D1D2774242175B3B944 /* Pods_LibGroupMeTests.framework */,
				2437437D21D310D30BFE9467 /* Pods_LibGroupMe_iOS.framework */,
			);
			name = Frameworks;
			sourceTree = "<group>";
		};
		4D0F29ED728327555856A9FF /* Pods */ = {
			isa = PBXGroup;
			children = (
				73BED4D30B051642E6BCE975 /* Pods-LibGroupMe.debug.xcconfig */,
				E49CCE9AD88757B0387918A2 /* Pods-LibGroupMe.release.xcconfig */,
				21E56790B2449319420437F9 /* Pods-LibGroupMeTests.debug.xcconfig */,
				1A495F6601E26A1FC52C70C4 /* Pods-LibGroupMeTests.release.xcconfig */,
				83ED0AD0E001E803437EDB16 /* Pods-LibGroupMe_iOS.debug.xcconfig */,
				39636410B963A48CDD5F80A1 /* Pods-LibGroupMe_iOS.release.xcconfig */,
			);
			name = Pods;
			sourceTree = "<group>";
		};
		FC386CE21B306D61002673B3 /* LibGroupMe_iOS */ = {
			isa = PBXGroup;
			children = (
				FC386CE51B306D61002673B3 /* LibGroupMe_iOS.h */,
				FC386CE31B306D61002673B3 /* Supporting Files */,
			);
			path = LibGroupMe_iOS;
			sourceTree = "<group>";
		};
		FC386CE31B306D61002673B3 /* Supporting Files */ = {
			isa = PBXGroup;
			children = (
				FC386CE41B306D61002673B3 /* Info.plist */,
			);
			name = "Supporting Files";
			sourceTree = "<group>";
		};
		FC6242681B306848008D2CA7 /* test-data */ = {
			isa = PBXGroup;
			children = (
				FC591B7D1B30B8CB00DFB449 /* groups-index.json */,
				FC386CB91B306880002673B3 /* powerups.json */,
				FC387D031B3CF1D1002972DB /* dms-index.json */,
			);
			name = "test-data";
			sourceTree = "<group>";
		};
		FCA81AA01B3064B70005B6D7 = {
			isa = PBXGroup;
			children = (
				FCA81AAC1B3064B70005B6D7 /* LibGroupMe */,
				FCA81AB91B3064B70005B6D7 /* LibGroupMeTests */,
				FC386CE21B306D61002673B3 /* LibGroupMe_iOS */,
				FCA81AAB1B3064B70005B6D7 /* Products */,
				4D0F29ED728327555856A9FF /* Pods */,
				36F3D44D684E38DD65831FC6 /* Frameworks */,
			);
			sourceTree = "<group>";
		};
		FCA81AAB1B3064B70005B6D7 /* Products */ = {
			isa = PBXGroup;
			children = (
				FCA81AAA1B3064B70005B6D7 /* LibGroupMe.framework */,
				FCA81AB51B3064B70005B6D7 /* LibGroupMeTests.xctest */,
				FC386CE11B306D61002673B3 /* LibGroupMe_iOS.framework */,
			);
			name = Products;
			sourceTree = "<group>";
		};
		FCA81AAC1B3064B70005B6D7 /* LibGroupMe */ = {
			isa = PBXGroup;
			children = (
				FC62425E1B306692008D2CA7 /* Powerup.swift */,
				FCADB39E1B30A8B300293947 /* Group.swift */,
				FC62425F1B306692008D2CA7 /* APIClient.swift */,
				FCA81AAD1B3064B70005B6D7 /* Supporting Files */,
				FC591B7F1B30BCF200DFB449 /* Storage.swift */,
				FCB984A11B31C3F400AB6D15 /* SwiftCoding.swift */,
				FCA81AAF1B3064B70005B6D7 /* LibGroupMe.h */,
				FC2CABBB1B322EA0008CBC4A /* LibGroupMe.swift */,
				FC387CFD1B3CF188002972DB /* User.swift */,
				FC198F781B58054E008BF50D /* LibGroupMe-swift.h */,
			);
			path = LibGroupMe;
			sourceTree = "<group>";
		};
		FCA81AAD1B3064B70005B6D7 /* Supporting Files */ = {
			isa = PBXGroup;
			children = (
				FCA81AAE1B3064B70005B6D7 /* Info.plist */,
			);
			name = "Supporting Files";
			sourceTree = "<group>";
		};
		FCA81AB91B3064B70005B6D7 /* LibGroupMeTests */ = {
			isa = PBXGroup;
			children = (
				FC6242681B306848008D2CA7 /* test-data */,
				FC6242641B3066ED008D2CA7 /* PowerupTest.swift */,
				FC6242651B3066ED008D2CA7 /* APIClientTest.swift */,
				FCA81ABA1B3064B70005B6D7 /* Supporting Files */,
				FC591B7B1B30B6E300DFB449 /* GroupTest.swift */,
				FCB9849F1B30D9D200AB6D15 /* StorageTest.swift */,
				FC387D011B3CF19D002972DB /* UserTest.swift */,
			);
			path = LibGroupMeTests;
			sourceTree = "<group>";
		};
		FCA81ABA1B3064B70005B6D7 /* Supporting Files */ = {
			isa = PBXGroup;
			children = (
				FCA81ABB1B3064B70005B6D7 /* Info.plist */,
			);
			name = "Supporting Files";
			sourceTree = "<group>";
		};
/* End PBXGroup section */

/* Begin PBXHeadersBuildPhase section */
		FC386CDE1B306D61002673B3 /* Headers */ = {
			isa = PBXHeadersBuildPhase;
			buildActionMask = 2147483647;
			files = (
				FC198F7A1B58054E008BF50D /* LibGroupMe-swift.h in Headers */,
				FC386CE61B306D61002673B3 /* LibGroupMe_iOS.h in Headers */,
			);
			runOnlyForDeploymentPostprocessing = 0;
		};
		FCA81AA71B3064B70005B6D7 /* Headers */ = {
			isa = PBXHeadersBuildPhase;
			buildActionMask = 2147483647;
			files = (
				FC198F791B58054E008BF50D /* LibGroupMe-swift.h in Headers */,
				FCA81AB01B3064B70005B6D7 /* LibGroupMe.h in Headers */,
			);
			runOnlyForDeploymentPostprocessing = 0;
		};
/* End PBXHeadersBuildPhase section */

/* Begin PBXNativeTarget section */
		FC386CE01B306D61002673B3 /* LibGroupMe_iOS */ = {
			isa = PBXNativeTarget;
			buildConfigurationList = FC386CF81B306D61002673B3 /* Build configuration list for PBXNativeTarget "LibGroupMe_iOS" */;
			buildPhases = (
				9730C10FBEEB26154AE876B0 /* Check Pods Manifest.lock */,
				FC386CDC1B306D61002673B3 /* Sources */,
				FC386CDD1B306D61002673B3 /* Frameworks */,
				FC386CDE1B306D61002673B3 /* Headers */,
				FC386CDF1B306D61002673B3 /* Resources */,
				00B65C67338E91930FA96D51 /* Copy Pods Resources */,
			);
			buildRules = (
			);
			dependencies = (
			);
			name = LibGroupMe_iOS;
			productName = LibGroupMe_iOS;
			productReference = FC386CE11B306D61002673B3 /* LibGroupMe_iOS.framework */;
			productType = "com.apple.product-type.framework";
		};
		FCA81AA91B3064B70005B6D7 /* LibGroupMe */ = {
			isa = PBXNativeTarget;
			buildConfigurationList = FCA81AC01B3064B70005B6D7 /* Build configuration list for PBXNativeTarget "LibGroupMe" */;
			buildPhases = (
				BB70C325D6BF9A3962DBC61A /* Check Pods Manifest.lock */,
				FCA81AA51B3064B70005B6D7 /* Sources */,
				FCA81AA61B3064B70005B6D7 /* Frameworks */,
				FCA81AA71B3064B70005B6D7 /* Headers */,
				FCA81AA81B3064B70005B6D7 /* Resources */,
				88F433DAF3222D1E0BA9253B /* Copy Pods Resources */,
			);
			buildRules = (
			);
			dependencies = (
			);
			name = LibGroupMe;
			productName = LibGroupMe;
			productReference = FCA81AAA1B3064B70005B6D7 /* LibGroupMe.framework */;
			productType = "com.apple.product-type.framework";
		};
		FCA81AB41B3064B70005B6D7 /* LibGroupMeTests */ = {
			isa = PBXNativeTarget;
			buildConfigurationList = FCA81AC31B3064B70005B6D7 /* Build configuration list for PBXNativeTarget "LibGroupMeTests" */;
			buildPhases = (
				E80FA696FD33F1EA37BC2EA1 /* Check Pods Manifest.lock */,
				FCA81AB11B3064B70005B6D7 /* Sources */,
				FCA81AB21B3064B70005B6D7 /* Frameworks */,
				FCA81AB31B3064B70005B6D7 /* Resources */,
				C56F097742DDF9087A38C86E /* Embed Pods Frameworks */,
				17038E60BFA455D6158BE40A /* Copy Pods Resources */,
			);
			buildRules = (
			);
			dependencies = (
				FCA81AB81B3064B70005B6D7 /* PBXTargetDependency */,
			);
			name = LibGroupMeTests;
			productName = LibGroupMeTests;
			productReference = FCA81AB51B3064B70005B6D7 /* LibGroupMeTests.xctest */;
			productType = "com.apple.product-type.bundle.unit-test";
		};
/* End PBXNativeTarget section */

/* Begin PBXProject section */
		FCA81AA11B3064B70005B6D7 /* Project object */ = {
			isa = PBXProject;
			attributes = {
				LastUpgradeCheck = 0630;
				ORGANIZATIONNAME = "Jon Balbarin";
				TargetAttributes = {
					FC386CE01B306D61002673B3 = {
						CreatedOnToolsVersion = 6.3.2;
					};
					FCA81AA91B3064B70005B6D7 = {
						CreatedOnToolsVersion = 6.3.2;
					};
					FCA81AB41B3064B70005B6D7 = {
						CreatedOnToolsVersion = 6.3.2;
					};
				};
			};
			buildConfigurationList = FCA81AA41B3064B70005B6D7 /* Build configuration list for PBXProject "LibGroupMe" */;
			compatibilityVersion = "Xcode 3.2";
			developmentRegion = English;
			hasScannedForEncodings = 0;
			knownRegions = (
				en,
			);
			mainGroup = FCA81AA01B3064B70005B6D7;
			productRefGroup = FCA81AAB1B3064B70005B6D7 /* Products */;
			projectDirPath = "";
			projectRoot = "";
			targets = (
				FCA81AA91B3064B70005B6D7 /* LibGroupMe */,
				FC386CE01B306D61002673B3 /* LibGroupMe_iOS */,
				FCA81AB41B3064B70005B6D7 /* LibGroupMeTests */,
			);
		};
/* End PBXProject section */

/* Begin PBXResourcesBuildPhase section */
		FC386CDF1B306D61002673B3 /* Resources */ = {
			isa = PBXResourcesBuildPhase;
			buildActionMask = 2147483647;
			files = (
			);
			runOnlyForDeploymentPostprocessing = 0;
		};
		FCA81AA81B3064B70005B6D7 /* Resources */ = {
			isa = PBXResourcesBuildPhase;
			buildActionMask = 2147483647;
			files = (
			);
			runOnlyForDeploymentPostprocessing = 0;
		};
		FCA81AB31B3064B70005B6D7 /* Resources */ = {
			isa = PBXResourcesBuildPhase;
			buildActionMask = 2147483647;
			files = (
				FC591B7E1B30B8CB00DFB449 /* groups-index.json in Resources */,
				FC387D041B3CF1D1002972DB /* dms-index.json in Resources */,
				FC386CBA1B306880002673B3 /* powerups.json in Resources */,
			);
			runOnlyForDeploymentPostprocessing = 0;
		};
/* End PBXResourcesBuildPhase section */

/* Begin PBXShellScriptBuildPhase section */
		00B65C67338E91930FA96D51 /* Copy Pods Resources */ = {
			isa = PBXShellScriptBuildPhase;
			buildActionMask = 2147483647;
			files = (
			);
			inputPaths = (
			);
			name = "Copy Pods Resources";
			outputPaths = (
			);
			runOnlyForDeploymentPostprocessing = 0;
			shellPath = /bin/sh;
			shellScript = "\"${SRCROOT}/Pods/Target Support Files/Pods-LibGroupMe_iOS/Pods-LibGroupMe_iOS-resources.sh\"\n";
			showEnvVarsInLog = 0;
		};
		17038E60BFA455D6158BE40A /* Copy Pods Resources */ = {
			isa = PBXShellScriptBuildPhase;
			buildActionMask = 2147483647;
			files = (
			);
			inputPaths = (
			);
			name = "Copy Pods Resources";
			outputPaths = (
			);
			runOnlyForDeploymentPostprocessing = 0;
			shellPath = /bin/sh;
			shellScript = "\"${SRCROOT}/Pods/Target Support Files/Pods-LibGroupMeTests/Pods-LibGroupMeTests-resources.sh\"\n";
			showEnvVarsInLog = 0;
		};
		88F433DAF3222D1E0BA9253B /* Copy Pods Resources */ = {
			isa = PBXShellScriptBuildPhase;
			buildActionMask = 2147483647;
			files = (
			);
			inputPaths = (
			);
			name = "Copy Pods Resources";
			outputPaths = (
			);
			runOnlyForDeploymentPostprocessing = 0;
			shellPath = /bin/sh;
			shellScript = "\"${SRCROOT}/Pods/Target Support Files/Pods-LibGroupMe/Pods-LibGroupMe-resources.sh\"\n";
			showEnvVarsInLog = 0;
		};
		9730C10FBEEB26154AE876B0 /* Check Pods Manifest.lock */ = {
			isa = PBXShellScriptBuildPhase;
			buildActionMask = 2147483647;
			files = (
			);
			inputPaths = (
			);
			name = "Check Pods Manifest.lock";
			outputPaths = (
			);
			runOnlyForDeploymentPostprocessing = 0;
			shellPath = /bin/sh;
			shellScript = "diff \"${PODS_ROOT}/../Podfile.lock\" \"${PODS_ROOT}/Manifest.lock\" > /dev/null\nif [[ $? != 0 ]] ; then\n    cat << EOM\nerror: The sandbox is not in sync with the Podfile.lock. Run 'pod install' or update your CocoaPods installation.\nEOM\n    exit 1\nfi\n";
			showEnvVarsInLog = 0;
		};
		BB70C325D6BF9A3962DBC61A /* Check Pods Manifest.lock */ = {
			isa = PBXShellScriptBuildPhase;
			buildActionMask = 2147483647;
			files = (
			);
			inputPaths = (
			);
			name = "Check Pods Manifest.lock";
			outputPaths = (
			);
			runOnlyForDeploymentPostprocessing = 0;
			shellPath = /bin/sh;
			shellScript = "diff \"${PODS_ROOT}/../Podfile.lock\" \"${PODS_ROOT}/Manifest.lock\" > /dev/null\nif [[ $? != 0 ]] ; then\n    cat << EOM\nerror: The sandbox is not in sync with the Podfile.lock. Run 'pod install' or update your CocoaPods installation.\nEOM\n    exit 1\nfi\n";
			showEnvVarsInLog = 0;
		};
		C56F097742DDF9087A38C86E /* Embed Pods Frameworks */ = {
			isa = PBXShellScriptBuildPhase;
			buildActionMask = 2147483647;
			files = (
			);
			inputPaths = (
			);
			name = "Embed Pods Frameworks";
			outputPaths = (
			);
			runOnlyForDeploymentPostprocessing = 0;
			shellPath = /bin/sh;
			shellScript = "\"${SRCROOT}/Pods/Target Support Files/Pods-LibGroupMeTests/Pods-LibGroupMeTests-frameworks.sh\"\n";
			showEnvVarsInLog = 0;
		};
		E80FA696FD33F1EA37BC2EA1 /* Check Pods Manifest.lock */ = {
			isa = PBXShellScriptBuildPhase;
			buildActionMask = 2147483647;
			files = (
			);
			inputPaths = (
			);
			name = "Check Pods Manifest.lock";
			outputPaths = (
			);
			runOnlyForDeploymentPostprocessing = 0;
			shellPath = /bin/sh;
			shellScript = "diff \"${PODS_ROOT}/../Podfile.lock\" \"${PODS_ROOT}/Manifest.lock\" > /dev/null\nif [[ $? != 0 ]] ; then\n    cat << EOM\nerror: The sandbox is not in sync with the Podfile.lock. Run 'pod install' or update your CocoaPods installation.\nEOM\n    exit 1\nfi\n";
			showEnvVarsInLog = 0;
		};
/* End PBXShellScriptBuildPhase section */

/* Begin PBXSourcesBuildPhase section */
		FC386CDC1B306D61002673B3 /* Sources */ = {
			isa = PBXSourcesBuildPhase;
			buildActionMask = 2147483647;
			files = (
				FCADB3A01B30A8B300293947 /* Group.swift in Sources */,
				FC591B811B30CD1300DFB449 /* Storage.swift in Sources */,
				FC386CFA1B306D67002673B3 /* Powerup.swift in Sources */,
				FC2CABBD1B322EA0008CBC4A /* LibGroupMe.swift in Sources */,
				FC386CFB1B306D67002673B3 /* APIClient.swift in Sources */,
				FCB984A31B31C3F400AB6D15 /* SwiftCoding.swift in Sources */,
				FC387CFF1B3CF188002972DB /* User.swift in Sources */,
			);
			runOnlyForDeploymentPostprocessing = 0;
		};
		FCA81AA51B3064B70005B6D7 /* Sources */ = {
			isa = PBXSourcesBuildPhase;
			buildActionMask = 2147483647;
			files = (
				FCADB39F1B30A8B300293947 /* Group.swift in Sources */,
				FC591B801B30BCF200DFB449 /* Storage.swift in Sources */,
				FC6242601B306692008D2CA7 /* Powerup.swift in Sources */,
				FC2CABBC1B322EA0008CBC4A /* LibGroupMe.swift in Sources */,
				FC6242611B306692008D2CA7 /* APIClient.swift in Sources */,
				FCB984A21B31C3F400AB6D15 /* SwiftCoding.swift in Sources */,
				FC387CFE1B3CF188002972DB /* User.swift in Sources */,
			);
			runOnlyForDeploymentPostprocessing = 0;
		};
		FCA81AB11B3064B70005B6D7 /* Sources */ = {
			isa = PBXSourcesBuildPhase;
			buildActionMask = 2147483647;
			files = (
				FC6242661B3066ED008D2CA7 /* PowerupTest.swift in Sources */,
				FCB984A01B30D9D200AB6D15 /* StorageTest.swift in Sources */,
				FC6242671B3066ED008D2CA7 /* APIClientTest.swift in Sources */,
				FC591B7C1B30B6E300DFB449 /* GroupTest.swift in Sources */,
				FC387D021B3CF19D002972DB /* UserTest.swift in Sources */,
			);
			runOnlyForDeploymentPostprocessing = 0;
		};
/* End PBXSourcesBuildPhase section */

/* Begin PBXTargetDependency section */
		FCA81AB81B3064B70005B6D7 /* PBXTargetDependency */ = {
			isa = PBXTargetDependency;
			target = FCA81AA91B3064B70005B6D7 /* LibGroupMe */;
			targetProxy = FCA81AB71B3064B70005B6D7 /* PBXContainerItemProxy */;
		};
/* End PBXTargetDependency section */

/* Begin XCBuildConfiguration section */
		FC386CF41B306D61002673B3 /* Debug */ = {
			isa = XCBuildConfiguration;
			baseConfigurationReference = 83ED0AD0E001E803437EDB16 /* Pods-LibGroupMe_iOS.debug.xcconfig */;
			buildSettings = {
				CLANG_ENABLE_MODULES = YES;
				"CODE_SIGN_IDENTITY[sdk=iphoneos*]" = "iPhone Developer";
				DEBUG_INFORMATION_FORMAT = "dwarf-with-dsym";
				DEFINES_MODULE = YES;
				DYLIB_COMPATIBILITY_VERSION = 1;
				DYLIB_CURRENT_VERSION = 1;
				DYLIB_INSTALL_NAME_BASE = "@rpath";
				GCC_PREPROCESSOR_DEFINITIONS = (
					"DEBUG=1",
					"$(inherited)",
				);
				INFOPLIST_FILE = LibGroupMe_iOS/Info.plist;
				INSTALL_PATH = "$(LOCAL_LIBRARY_DIR)/Frameworks";
				IPHONEOS_DEPLOYMENT_TARGET = 8.3;
				LD_RUNPATH_SEARCH_PATHS = "$(inherited) @executable_path/Frameworks @loader_path/Frameworks";
				PRODUCT_NAME = "$(TARGET_NAME)";
				SDKROOT = iphoneos;
				SKIP_INSTALL = YES;
				SWIFT_OPTIMIZATION_LEVEL = "-Onone";
				TARGETED_DEVICE_FAMILY = "1,2";
			};
			name = Debug;
		};
		FC386CF51B306D61002673B3 /* Release */ = {
			isa = XCBuildConfiguration;
			baseConfigurationReference = 39636410B963A48CDD5F80A1 /* Pods-LibGroupMe_iOS.release.xcconfig */;
			buildSettings = {
				CLANG_ENABLE_MODULES = YES;
				"CODE_SIGN_IDENTITY[sdk=iphoneos*]" = "iPhone Developer";
				DEFINES_MODULE = YES;
				DYLIB_COMPATIBILITY_VERSION = 1;
				DYLIB_CURRENT_VERSION = 1;
				DYLIB_INSTALL_NAME_BASE = "@rpath";
				INFOPLIST_FILE = LibGroupMe_iOS/Info.plist;
				INSTALL_PATH = "$(LOCAL_LIBRARY_DIR)/Frameworks";
				IPHONEOS_DEPLOYMENT_TARGET = 8.3;
				LD_RUNPATH_SEARCH_PATHS = "$(inherited) @executable_path/Frameworks @loader_path/Frameworks";
				PRODUCT_NAME = "$(TARGET_NAME)";
				SDKROOT = iphoneos;
				SKIP_INSTALL = YES;
				TARGETED_DEVICE_FAMILY = "1,2";
				VALIDATE_PRODUCT = YES;
			};
			name = Release;
		};
		FCA81ABE1B3064B70005B6D7 /* Debug */ = {
			isa = XCBuildConfiguration;
			buildSettings = {
				ALWAYS_SEARCH_USER_PATHS = NO;
				CLANG_CXX_LANGUAGE_STANDARD = "gnu++0x";
				CLANG_CXX_LIBRARY = "libc++";
				CLANG_ENABLE_MODULES = YES;
				CLANG_ENABLE_OBJC_ARC = YES;
				CLANG_WARN_BOOL_CONVERSION = YES;
				CLANG_WARN_CONSTANT_CONVERSION = YES;
				CLANG_WARN_DIRECT_OBJC_ISA_USAGE = YES_ERROR;
				CLANG_WARN_EMPTY_BODY = YES;
				CLANG_WARN_ENUM_CONVERSION = YES;
				CLANG_WARN_INT_CONVERSION = YES;
				CLANG_WARN_OBJC_ROOT_CLASS = YES_ERROR;
				CLANG_WARN_UNREACHABLE_CODE = YES;
				CLANG_WARN__DUPLICATE_METHOD_MATCH = YES;
				COPY_PHASE_STRIP = NO;
				CURRENT_PROJECT_VERSION = 1;
				DEBUG_INFORMATION_FORMAT = dwarf;
				ENABLE_STRICT_OBJC_MSGSEND = YES;
				GCC_C_LANGUAGE_STANDARD = gnu99;
				GCC_DYNAMIC_NO_PIC = NO;
				GCC_NO_COMMON_BLOCKS = YES;
				GCC_OPTIMIZATION_LEVEL = 0;
				GCC_PREPROCESSOR_DEFINITIONS = (
					"DEBUG=1",
					"$(inherited)",
				);
				GCC_SYMBOLS_PRIVATE_EXTERN = NO;
				GCC_WARN_64_TO_32_BIT_CONVERSION = YES;
				GCC_WARN_ABOUT_RETURN_TYPE = YES_ERROR;
				GCC_WARN_UNDECLARED_SELECTOR = YES;
				GCC_WARN_UNINITIALIZED_AUTOS = YES_AGGRESSIVE;
				GCC_WARN_UNUSED_FUNCTION = YES;
				GCC_WARN_UNUSED_VARIABLE = YES;
				MACOSX_DEPLOYMENT_TARGET = 10.10;
				MTL_ENABLE_DEBUG_INFO = YES;
				ONLY_ACTIVE_ARCH = YES;
				SDKROOT = macosx;
				SWIFT_OBJC_BRIDGING_HEADER = "LibGroupMe-swift.h";
				SWIFT_OPTIMIZATION_LEVEL = "-Onone";
				VERSIONING_SYSTEM = "apple-generic";
				VERSION_INFO_PREFIX = "";
			};
			name = Debug;
		};
		FCA81ABF1B3064B70005B6D7 /* Release */ = {
			isa = XCBuildConfiguration;
			buildSettings = {
				ALWAYS_SEARCH_USER_PATHS = NO;
				CLANG_CXX_LANGUAGE_STANDARD = "gnu++0x";
				CLANG_CXX_LIBRARY = "libc++";
				CLANG_ENABLE_MODULES = YES;
				CLANG_ENABLE_OBJC_ARC = YES;
				CLANG_WARN_BOOL_CONVERSION = YES;
				CLANG_WARN_CONSTANT_CONVERSION = YES;
				CLANG_WARN_DIRECT_OBJC_ISA_USAGE = YES_ERROR;
				CLANG_WARN_EMPTY_BODY = YES;
				CLANG_WARN_ENUM_CONVERSION = YES;
				CLANG_WARN_INT_CONVERSION = YES;
				CLANG_WARN_OBJC_ROOT_CLASS = YES_ERROR;
				CLANG_WARN_UNREACHABLE_CODE = YES;
				CLANG_WARN__DUPLICATE_METHOD_MATCH = YES;
				COPY_PHASE_STRIP = NO;
				CURRENT_PROJECT_VERSION = 1;
				DEBUG_INFORMATION_FORMAT = "dwarf-with-dsym";
				ENABLE_NS_ASSERTIONS = NO;
				ENABLE_STRICT_OBJC_MSGSEND = YES;
				GCC_C_LANGUAGE_STANDARD = gnu99;
				GCC_NO_COMMON_BLOCKS = YES;
				GCC_WARN_64_TO_32_BIT_CONVERSION = YES;
				GCC_WARN_ABOUT_RETURN_TYPE = YES_ERROR;
				GCC_WARN_UNDECLARED_SELECTOR = YES;
				GCC_WARN_UNINITIALIZED_AUTOS = YES_AGGRESSIVE;
				GCC_WARN_UNUSED_FUNCTION = YES;
				GCC_WARN_UNUSED_VARIABLE = YES;
				MACOSX_DEPLOYMENT_TARGET = 10.10;
				MTL_ENABLE_DEBUG_INFO = NO;
				SDKROOT = macosx;
				SWIFT_OBJC_BRIDGING_HEADER = "LibGroupMe-swift.h";
				VERSIONING_SYSTEM = "apple-generic";
				VERSION_INFO_PREFIX = "";
			};
			name = Release;
		};
		FCA81AC11B3064B70005B6D7 /* Debug */ = {
			isa = XCBuildConfiguration;
			baseConfigurationReference = 73BED4D30B051642E6BCE975 /* Pods-LibGroupMe.debug.xcconfig */;
			buildSettings = {
				CLANG_ENABLE_MODULES = YES;
				COMBINE_HIDPI_IMAGES = YES;
				DEFINES_MODULE = YES;
				DYLIB_COMPATIBILITY_VERSION = 1;
				DYLIB_CURRENT_VERSION = 1;
				DYLIB_INSTALL_NAME_BASE = "@rpath";
				FRAMEWORK_VERSION = A;
				INFOPLIST_FILE = LibGroupMe/Info.plist;
				INSTALL_PATH = "$(LOCAL_LIBRARY_DIR)/Frameworks";
				LD_RUNPATH_SEARCH_PATHS = "$(inherited) @executable_path/../Frameworks @loader_path/Frameworks";
				PRODUCT_NAME = "$(TARGET_NAME)";
				SKIP_INSTALL = YES;
				SWIFT_OPTIMIZATION_LEVEL = "-Onone";
			};
			name = Debug;
		};
		FCA81AC21B3064B70005B6D7 /* Release */ = {
			isa = XCBuildConfiguration;
			baseConfigurationReference = E49CCE9AD88757B0387918A2 /* Pods-LibGroupMe.release.xcconfig */;
			buildSettings = {
				CLANG_ENABLE_MODULES = YES;
				COMBINE_HIDPI_IMAGES = YES;
				DEFINES_MODULE = YES;
				DYLIB_COMPATIBILITY_VERSION = 1;
				DYLIB_CURRENT_VERSION = 1;
				DYLIB_INSTALL_NAME_BASE = "@rpath";
				FRAMEWORK_VERSION = A;
				INFOPLIST_FILE = LibGroupMe/Info.plist;
				INSTALL_PATH = "$(LOCAL_LIBRARY_DIR)/Frameworks";
				LD_RUNPATH_SEARCH_PATHS = "$(inherited) @executable_path/../Frameworks @loader_path/Frameworks";
				PRODUCT_NAME = "$(TARGET_NAME)";
				SKIP_INSTALL = YES;
			};
			name = Release;
		};
		FCA81AC41B3064B70005B6D7 /* Debug */ = {
			isa = XCBuildConfiguration;
			baseConfigurationReference = 21E56790B2449319420437F9 /* Pods-LibGroupMeTests.debug.xcconfig */;
			buildSettings = {
				CLANG_ENABLE_MODULES = YES;
				COMBINE_HIDPI_IMAGES = YES;
				FRAMEWORK_SEARCH_PATHS = (
					"$(DEVELOPER_FRAMEWORKS_DIR)",
					"$(inherited)",
				);
				GCC_PREPROCESSOR_DEFINITIONS = (
					"DEBUG=1",
					"$(inherited)",
				);
				INFOPLIST_FILE = LibGroupMeTests/Info.plist;
				LD_RUNPATH_SEARCH_PATHS = "$(inherited) @executable_path/../Frameworks @loader_path/../Frameworks";
				PRODUCT_NAME = "$(TARGET_NAME)";
				SWIFT_OPTIMIZATION_LEVEL = "-Onone";
			};
			name = Debug;
		};
		FCA81AC51B3064B70005B6D7 /* Release */ = {
			isa = XCBuildConfiguration;
			baseConfigurationReference = 1A495F6601E26A1FC52C70C4 /* Pods-LibGroupMeTests.release.xcconfig */;
			buildSettings = {
				CLANG_ENABLE_MODULES = YES;
				COMBINE_HIDPI_IMAGES = YES;
				FRAMEWORK_SEARCH_PATHS = (
					"$(DEVELOPER_FRAMEWORKS_DIR)",
					"$(inherited)",
				);
				INFOPLIST_FILE = LibGroupMeTests/Info.plist;
				LD_RUNPATH_SEARCH_PATHS = "$(inherited) @executable_path/../Frameworks @loader_path/../Frameworks";
				PRODUCT_NAME = "$(TARGET_NAME)";
			};
			name = Release;
		};
/* End XCBuildConfiguration section */

/* Begin XCConfigurationList section */
		FC386CF81B306D61002673B3 /* Build configuration list for PBXNativeTarget "LibGroupMe_iOS" */ = {
			isa = XCConfigurationList;
			buildConfigurations = (
				FC386CF41B306D61002673B3 /* Debug */,
				FC386CF51B306D61002673B3 /* Release */,
			);
			defaultConfigurationIsVisible = 0;
			defaultConfigurationName = Release;
		};
		FCA81AA41B3064B70005B6D7 /* Build configuration list for PBXProject "LibGroupMe" */ = {
			isa = XCConfigurationList;
			buildConfigurations = (
				FCA81ABE1B3064B70005B6D7 /* Debug */,
				FCA81ABF1B3064B70005B6D7 /* Release */,
			);
			defaultConfigurationIsVisible = 0;
			defaultConfigurationName = Release;
		};
		FCA81AC01B3064B70005B6D7 /* Build configuration list for PBXNativeTarget "LibGroupMe" */ = {
			isa = XCConfigurationList;
			buildConfigurations = (
				FCA81AC11B3064B70005B6D7 /* Debug */,
				FCA81AC21B3064B70005B6D7 /* Release */,
			);
			defaultConfigurationIsVisible = 0;
			defaultConfigurationName = Release;
		};
		FCA81AC31B3064B70005B6D7 /* Build configuration list for PBXNativeTarget "LibGroupMeTests" */ = {
			isa = XCConfigurationList;
			buildConfigurations = (
				FCA81AC41B3064B70005B6D7 /* Debug */,
				FCA81AC51B3064B70005B6D7 /* Release */,
			);
			defaultConfigurationIsVisible = 0;
			defaultConfigurationName = Release;
		};
/* End XCConfigurationList section */
	};
	rootObject = FCA81AA11B3064B70005B6D7 /* Project object */;
}
